
Microsoft Visual Studio Solution File, Format Version 12.00
# Visual Studio Version 17
VisualStudioVersion = 17.11.35222.181
MinimumVisualStudioVersion = 10.0.40219.1
Project("{FAE04EC0-301F-11D3-BF4B-00C04F79EFBC}") = "FullEfCore", "FullEfCore\FullEfCore.csproj", "{0CA1495F-1E57-4B81-A0C1-53A7C4C55120}"
EndProject
Project("{FAE04EC0-301F-11D3-BF4B-00C04F79EFBC}") = "Entities", "Entities\Entities.csproj", "{FE53A187-F901-4777-8513-61FCD7F692A2}"
EndProject
Project("{FAE04EC0-301F-11D3-BF4B-00C04F79EFBC}") = "Services", "Services\Services.csproj", "{6849BF41-2C73-4EA8-8789-40D76506AFDC}"
EndProject
Project("{FAE04EC0-301F-11D3-BF4B-00C04F79EFBC}") = "BlogApi", "BlogApi\BlogApi.csproj", "{245B10AF-0EA0-4739-A3C5-7085CA2484DD}"
EndProject
Global
	GlobalSection(SolutionConfigurationPlatforms) = preSolution
		Debug|Any CPU = Debug|Any CPU
		Release|Any CPU = Release|Any CPU
	EndGlobalSection
	GlobalSection(ProjectConfigurationPlatforms) = postSolution
		{0CA1495F-1E57-4B81-A0C1-53A7C4C55120}.Debug|Any CPU.ActiveCfg = Debug|Any CPU
		{0CA1495F-1E57-4B81-A0C1-53A7C4C55120}.Debug|Any CPU.Build.0 = Debug|Any CPU
		{0CA1495F-1E57-4B81-A0C1-53A7C4C55120}.Release|Any CPU.ActiveCfg = Release|Any CPU
		{0CA1495F-1E57-4B81-A0C1-53A7C4C55120}.Release|Any CPU.Build.0 = Release|Any CPU
		{FE53A187-F901-4777-8513-61FCD7F692A2}.Debug|Any CPU.ActiveCfg = Debug|Any CPU
		{FE53A187-F901-4777-8513-61FCD7F692A2}.Debug|Any CPU.Build.0 = Debug|Any CPU
		{FE53A187-F901-4777-8513-61FCD7F692A2}.Release|Any CPU.ActiveCfg = Release|Any CPU
		{FE53A187-F901-4777-8513-61FCD7F692A2}.Release|Any CPU.Build.0 = Release|Any CPU
		{6849BF41-2C73-4EA8-8789-40D76506AFDC}.Debug|Any CPU.ActiveCfg = Debug|Any CPU
		{6849BF41-2C73-4EA8-8789-40D76506AFDC}.Debug|Any CPU.Build.0 = Debug|Any CPU
		{6849BF41-2C73-4EA8-8789-40D76506AFDC}.Release|Any CPU.ActiveCfg = Release|Any CPU
		{6849BF41-2C73-4EA8-8789-40D76506AFDC}.Release|Any CPU.Build.0 = Release|Any CPU
		{245B10AF-0EA0-4739-A3C5-7085CA2484DD}.Debug|Any CPU.ActiveCfg = Debug|Any CPU
		{245B10AF-0EA0-4739-A3C5-7085CA2484DD}.Debug|Any CPU.Build.0 = Debug|Any CPU
		{245B10AF-0EA0-4739-A3C5-7085CA2484DD}.Release|Any CPU.ActiveCfg = Release|Any CPU
		{245B10AF-0EA0-4739-A3C5-7085CA2484DD}.Release|Any CPU.Build.0 = Release|Any CPU
	EndGlobalSection
	GlobalSection(SolutionProperties) = preSolution
		HideSolutionNode = FALSE
	EndGlobalSection
	GlobalSection(ExtensibilityGlobals) = postSolution
		SolutionGuid = {3BCAADAE-D0E1-4D4F-A3A1-2C9844558B84}
	EndGlobalSection
EndGlobal
